artifact:
  .forge/artifacts/forge.yaml:linux:amd64: wQUXWy9DS6DQKYhdZtu7zYYuIFxdHspGPqk_KXGrs-Y=
  .forge/artifacts/forge.yaml:mac:amd64: lIaaeIM3AWsivHkBUu7yBj-d8ddJfGgmM_aPZ2jqPt0=
  .forge/artifacts/forge.yaml:windows:amd64: qTjr3MV-tEdPuzpUgqR71voMCzVzkESecApbchAwdoY=
terraform: {}
helm: {}
recipe: {}
integration: {}
shell: {}
database: {}
crd: {}
ird: {}
