artifact:
  .forge/artifacts/forge.yaml:linux:amd64: wQUXWy9DS6DQKYhdZtu7zYYuIFxdHspGPqk_KXGrs-Y=
  .forge/artifacts/forge.yaml:mac:amd64: lIaaeIM3AWsivHkBUu7yBj-d8ddJfGgmM_aPZ2jqPt0=
  .forge/artifacts/forge.yaml:windows:amd64: qTjr3MV-tEdPuzpUgqR71voMCzVzkESecApbchAwdoY=
  .forge/forge.yaml_linux_amd64: f4iS5tsL13U7gDlHVjDV9SaqHKY9KnJWUJkPLZ3frpg=
  .forge/forge.yaml_mac_amd64: gxoMfcF9ih9QJOxbJwE-tnuftL4L081UOvM6VjgFeh8=
  plural/plural.yaml_linux_amd64: YAtuPvQ7aHXU6f14A7RnBMcUI_hN-0R-A53f5bvJK9Y=
  plural/plural.yaml_mac_amd64: bDpy4BvFrfvTJfZiQymWA0GCZ_FE2JUTBNUZYeJ2Tv4=
  plural/plural.yaml_mac_arm64: hvzjox2H7YJxbpIT8M0cMXQCF5mznK-Gc_xm1Axye6E=
terraform: {}
helm: {}
recipe: {}
integration: {}
crd: {}
ird: {}
tag: {}
