artifact:
  .forge/artifacts/forge.yaml:linux:amd64: wQUXWy9DS6DQKYhdZtu7zYYuIFxdHspGPqk_KXGrs-Y=
  .forge/artifacts/forge.yaml:mac:amd64: lIaaeIM3AWsivHkBUu7yBj-d8ddJfGgmM_aPZ2jqPt0=
  .forge/artifacts/forge.yaml:windows:amd64: qTjr3MV-tEdPuzpUgqR71voMCzVzkESecApbchAwdoY=
  .forge/forge.yaml_linux_amd64: f4iS5tsL13U7gDlHVjDV9SaqHKY9KnJWUJkPLZ3frpg=
  .forge/forge.yaml_mac_amd64: gxoMfcF9ih9QJOxbJwE-tnuftL4L081UOvM6VjgFeh8=
  plural/plural.yaml_linux_amd64: LjcgVjDv1Q9LzsYP8ToX_x5KU3PI3r1HYnmCrdQ8Vfs=
  plural/plural.yaml_mac_amd64: G0vDiLwKl9Ylh3hXAC5R_zDfhwwp0IlvlEa2NwytL4s=
  plural/plural.yaml_mac_arm64: EgW3DGP72Jqy4BWi_WFrCE7nm41kUQtd9QOD_rQoDpU=
terraform: {}
helm: {}
recipe: {}
integration: {}
crd: {}
ird: {}
tag: {}
