artifact:
  artifacts/forge-linux.yml: LZvyJ4AEb9eDcuYt-TJBrINdzmq065dGJJfEj8B7n64=
  artifacts/forge-windows.yml: LZvyJ4AEb9eDcuYt-TJBrINdzmq065dGJJfEj8B7n64=
  artifacts/forge.yaml: 1Ok7JDc-9Scm01nFJs5fy4eQW5vxYHfKRFbqHG0N2kU=
terraform: {}
helm: {}
recipe: {}
integration: {}
shell: {}
database: {}
crd: {}
ird: {}
